// !$*UTF8*$!
{
	archiveVersion = 1;
	classes = {
	};
	objectVersion = 42;
	objects = {

/* Begin PBXBuildFile section */
		1A4CAD9507706C510055AA49 /* KeyNaming.h in Resources */ = {isa = PBXBuildFile; fileRef = 1A4CAD9307706C510055AA49 /* KeyNaming.h */; };
		1A4CAD9607706C510055AA49 /* KeyNaming.c in Sources */ = {isa = PBXBuildFile; fileRef = 1A4CAD9407706C510055AA49 /* KeyNaming.c */; };
		1AA886B90EAF122200667B36 /* KeyNaming.strings in Resources */ = {isa = PBXBuildFile; fileRef = 1AA886B70EAF122200667B36 /* KeyNaming.strings */; };
		8D0C4E8D0486CD37000505A6 /* InfoPlist.strings in Resources */ = {isa = PBXBuildFile; fileRef = 0867D6AAFE840B52C02AAC07 /* InfoPlist.strings */; };
		8D0C4E900486CD37000505A6 /* main.c in Sources */ = {isa = PBXBuildFile; fileRef = 20286C2BFDCF999611CA2CEA /* main.c */; settings = {ATTRIBUTES = (); }; };
		8D0C4E920486CD37000505A6 /* Carbon.framework in Frameworks */ = {isa = PBXBuildFile; fileRef = 20286C33FDCF999611CA2CEA /* Carbon.framework */; };
/* End PBXBuildFile section */

/* Begin PBXFileReference section */
		0867D6ABFE840B52C02AAC07 /* English */ = {isa = PBXFileReference; fileEncoding = 10; lastKnownFileType = text.plist.strings; name = English; path = English.lproj/InfoPlist.strings; sourceTree = "<group>"; };
		1A4CAD9307706C510055AA49 /* KeyNaming.h */ = {isa = PBXFileReference; fileEncoding = 4; lastKnownFileType = sourcecode.c.h; name = KeyNaming.h; path = ../KeyNaming.h; sourceTree = SOURCE_ROOT; };
		1A4CAD9407706C510055AA49 /* KeyNaming.c */ = {isa = PBXFileReference; fileEncoding = 4; lastKnownFileType = sourcecode.c.c; name = KeyNaming.c; path = ../KeyNaming.c; sourceTree = SOURCE_ROOT; };
		1AA886B80EAF122200667B36 /* English */ = {isa = PBXFileReference; fileEncoding = 4; lastKnownFileType = text.plist.strings; name = English; path = "../Resources/Long strings/English.lproj/KeyNaming.strings"; sourceTree = SOURCE_ROOT; };
		1AA886BA0EAF122800667B36 /* Swedish */ = {isa = PBXFileReference; lastKnownFileType = text.plist.strings; name = Swedish; path = "../Resources/Long strings/Swedish.lproj/KeyNaming.strings"; sourceTree = SOURCE_ROOT; };
		20286C2BFDCF999611CA2CEA /* main.c */ = {isa = PBXFileReference; fileEncoding = 4; lastKnownFileType = sourcecode.c.c; path = main.c; sourceTree = "<group>"; };
		20286C33FDCF999611CA2CEA /* Carbon.framework */ = {isa = PBXFileReference; lastKnownFileType = wrapper.framework; name = Carbon.framework; path = /System/Library/Frameworks/Carbon.framework; sourceTree = "<absolute>"; };
		4A9504C8FFE6A3BC11CA0CBA /* ApplicationServices.framework */ = {isa = PBXFileReference; lastKnownFileType = wrapper.framework; name = ApplicationServices.framework; path = /System/Library/Frameworks/ApplicationServices.framework; sourceTree = "<absolute>"; };
		4A9504CAFFE6A41611CA0CBA /* CoreServices.framework */ = {isa = PBXFileReference; lastKnownFileType = wrapper.framework; name = CoreServices.framework; path = /System/Library/Frameworks/CoreServices.framework; sourceTree = "<absolute>"; };
		8D0C4E960486CD37000505A6 /* Info.plist */ = {isa = PBXFileReference; fileEncoding = 4; lastKnownFileType = text.plist; path = Info.plist; sourceTree = "<group>"; };
		8D0C4E970486CD37000505A6 /* Sample.app */ = {isa = PBXFileReference; explicitFileType = wrapper.application; includeInIndex = 0; path = Sample.app; sourceTree = BUILT_PRODUCTS_DIR; };
/* End PBXFileReference section */

/* Begin PBXFrameworksBuildPhase section */
		8D0C4E910486CD37000505A6 /* Frameworks */ = {
			isa = PBXFrameworksBuildPhase;
			buildActionMask = 2147483647;
			files = (
				8D0C4E920486CD37000505A6 /* Carbon.framework in Frameworks */,
			);
			runOnlyForDeploymentPostprocessing = 0;
		};
/* End PBXFrameworksBuildPhase section */

/* Begin PBXGroup section */
		195DF8CFFE9D517E11CA2CBB /* Products */ = {
			isa = PBXGroup;
			children = (
				8D0C4E970486CD37000505A6 /* Sample.app */,
			);
			name = Products;
			sourceTree = "<group>";
		};
		20286C29FDCF999611CA2CEA /* Sample */ = {
			isa = PBXGroup;
			children = (
				20286C2AFDCF999611CA2CEA /* Sources */,
				20286C2CFDCF999611CA2CEA /* Resources */,
				20286C32FDCF999611CA2CEA /* External Frameworks and Libraries */,
				195DF8CFFE9D517E11CA2CBB /* Products */,
			);
			name = Sample;
			sourceTree = "<group>";
		};
		20286C2AFDCF999611CA2CEA /* Sources */ = {
			isa = PBXGroup;
			children = (
				20286C2BFDCF999611CA2CEA /* main.c */,
				1A4CAD9307706C510055AA49 /* KeyNaming.h */,
				1A4CAD9407706C510055AA49 /* KeyNaming.c */,
			);
			name = Sources;
			sourceTree = "<group>";
		};
		20286C2CFDCF999611CA2CEA /* Resources */ = {
			isa = PBXGroup;
			children = (
				1AA886B70EAF122200667B36 /* KeyNaming.strings */,
				8D0C4E960486CD37000505A6 /* Info.plist */,
				0867D6AAFE840B52C02AAC07 /* InfoPlist.strings */,
			);
			name = Resources;
			sourceTree = "<group>";
		};
		20286C32FDCF999611CA2CEA /* External Frameworks and Libraries */ = {
			isa = PBXGroup;
			children = (
				20286C33FDCF999611CA2CEA /* Carbon.framework */,
				4A9504CAFFE6A41611CA0CBA /* CoreServices.framework */,
				4A9504C8FFE6A3BC11CA0CBA /* ApplicationServices.framework */,
			);
			name = "External Frameworks and Libraries";
			sourceTree = "<group>";
		};
/* End PBXGroup section */

/* Begin PBXNativeTarget section */
		8D0C4E890486CD37000505A6 /* Sample */ = {
			isa = PBXNativeTarget;
			buildConfigurationList = 1A66BB600AD6A6DB0035CA47 /* Build configuration list for PBXNativeTarget "Sample" */;
			buildPhases = (
				8D0C4E8C0486CD37000505A6 /* Resources */,
				8D0C4E8F0486CD37000505A6 /* Sources */,
				8D0C4E910486CD37000505A6 /* Frameworks */,
			);
			buildRules = (
			);
			dependencies = (
			);
			name = Sample;
			productInstallPath = "$(HOME)/Applications";
			productName = Sample;
			productReference = 8D0C4E970486CD37000505A6 /* Sample.app */;
			productType = "com.apple.product-type.application";
		};
/* End PBXNativeTarget section */

/* Begin PBXProject section */
		20286C28FDCF999611CA2CEA /* Project object */ = {
			isa = PBXProject;
			buildConfigurationList = 1A66BB640AD6A6DB0035CA47 /* Build configuration list for PBXProject "Sample" */;
			compatibilityVersion = "Xcode 2.4";
			hasScannedForEncodings = 1;
			knownRegions = (
				English,
				Japanese,
				French,
				German,
				Swedish,
			);
			mainGroup = 20286C29FDCF999611CA2CEA /* Sample */;
			projectDirPath = "";
			projectRoot = ..;
			targets = (
				8D0C4E890486CD37000505A6 /* Sample */,
			);
		};
/* End PBXProject section */

/* Begin PBXResourcesBuildPhase section */
		8D0C4E8C0486CD37000505A6 /* Resources */ = {
			isa = PBXResourcesBuildPhase;
			buildActionMask = 2147483647;
			files = (
				8D0C4E8D0486CD37000505A6 /* InfoPlist.strings in Resources */,
				1A4CAD9507706C510055AA49 /* KeyNaming.h in Resources */,
				1AA886B90EAF122200667B36 /* KeyNaming.strings in Resources */,
			);
			runOnlyForDeploymentPostprocessing = 0;
		};
/* End PBXResourcesBuildPhase section */

/* Begin PBXSourcesBuildPhase section */
		8D0C4E8F0486CD37000505A6 /* Sources */ = {
			isa = PBXSourcesBuildPhase;
			buildActionMask = 2147483647;
			files = (
				8D0C4E900486CD37000505A6 /* main.c in Sources */,
				1A4CAD9607706C510055AA49 /* KeyNaming.c in Sources */,
			);
			runOnlyForDeploymentPostprocessing = 0;
		};
/* End PBXSourcesBuildPhase section */

/* Begin PBXVariantGroup section */
		0867D6AAFE840B52C02AAC07 /* InfoPlist.strings */ = {
			isa = PBXVariantGroup;
			children = (
				0867D6ABFE840B52C02AAC07 /* English */,
			);
			name = InfoPlist.strings;
			sourceTree = "<group>";
		};
		1AA886B70EAF122200667B36 /* KeyNaming.strings */ = {
			isa = PBXVariantGroup;
			children = (
				1AA886B80EAF122200667B36 /* English */,
				1AA886BA0EAF122800667B36 /* Swedish */,
			);
			name = KeyNaming.strings;
			sourceTree = "<group>";
		};
/* End PBXVariantGroup section */

/* Begin XCBuildConfiguration section */
		1A66BB610AD6A6DB0035CA47 /* Development */ = {
			isa = XCBuildConfiguration;
			buildSettings = {
				COPY_PHASE_STRIP = NO;
				GCC_C_LANGUAGE_STANDARD = c99;
				GCC_DYNAMIC_NO_PIC = NO;
				GCC_ENABLE_FIX_AND_CONTINUE = YES;
				GCC_GENERATE_DEBUGGING_SYMBOLS = YES;
				GCC_OPTIMIZATION_LEVEL = 0;
				GCC_TREAT_WARNINGS_AS_ERRORS = NO;
				GCC_WARN_ABOUT_MISSING_PROTOTYPES = YES;
				GCC_WARN_MISSING_PARENTHESES = YES;
				INFOPLIST_FILE = Info.plist;
				INSTALL_PATH = "$(HOME)/Applications";
				PRODUCT_NAME = Sample;
				WARNING_CFLAGS = (
					"-Wall",
					"-Wno-missing-braces",
				);
				WRAPPER_EXTENSION = app;
			};
			name = Development;
		};
		1A66BB620AD6A6DB0035CA47 /* Deployment */ = {
			isa = XCBuildConfiguration;
			buildSettings = {
				COPY_PHASE_STRIP = YES;
				GCC_C_LANGUAGE_STANDARD = c99;
				GCC_ENABLE_FIX_AND_CONTINUE = NO;
				GCC_GENERATE_DEBUGGING_SYMBOLS = NO;
				GCC_PRECOMPILE_PREFIX_HEADER = YES;
				GCC_PREFIX_HEADER = Sample_Prefix.pch;
				GCC_TREAT_WARNINGS_AS_ERRORS = YES;
				GCC_WARN_ABOUT_MISSING_PROTOTYPES = YES;
				GCC_WARN_MISSING_PARENTHESES = YES;
				INFOPLIST_FILE = Info.plist;
				INSTALL_PATH = "$(HOME)/Applications";
				PRODUCT_NAME = Sample;
				WARNING_CFLAGS = "-Wall";
				WRAPPER_EXTENSION = app;
				ZERO_LINK = NO;
			};
			name = Deployment;
		};
		1A66BB630AD6A6DB0035CA47 /* Default */ = {
			isa = XCBuildConfiguration;
			buildSettings = {
				GCC_C_LANGUAGE_STANDARD = c99;
				GCC_GENERATE_DEBUGGING_SYMBOLS = NO;
				GCC_PRECOMPILE_PREFIX_HEADER = YES;
				GCC_PREFIX_HEADER = Sample_Prefix.pch;
				GCC_TREAT_WARNINGS_AS_ERRORS = YES;
				GCC_WARN_ABOUT_MISSING_PROTOTYPES = YES;
				GCC_WARN_MISSING_PARENTHESES = YES;
				INFOPLIST_FILE = Info.plist;
				INSTALL_PATH = "$(HOME)/Applications";
				PRODUCT_NAME = Sample;
				WARNING_CFLAGS = "-Wall";
				WRAPPER_EXTENSION = app;
			};
			name = Default;
		};
		1A66BB650AD6A6DB0035CA47 /* Development */ = {
			isa = XCBuildConfiguration;
			buildSettings = {
			};
			name = Development;
		};
		1A66BB660AD6A6DB0035CA47 /* Deployment */ = {
			isa = XCBuildConfiguration;
			buildSettings = {
			};
			name = Deployment;
		};
		1A66BB670AD6A6DB0035CA47 /* Default */ = {
			isa = XCBuildConfiguration;
			buildSettings = {
			};
			name = Default;
		};
/* End XCBuildConfiguration section */

/* Begin XCConfigurationList section */
		1A66BB600AD6A6DB0035CA47 /* Build configuration list for PBXNativeTarget "Sample" */ = {
			isa = XCConfigurationList;
			buildConfigurations = (
				1A66BB610AD6A6DB0035CA47 /* Development */,
				1A66BB620AD6A6DB0035CA47 /* Deployment */,
				1A66BB630AD6A6DB0035CA47 /* Default */,
			);
			defaultConfigurationIsVisible = 0;
			defaultConfigurationName = Default;
		};
		1A66BB640AD6A6DB0035CA47 /* Build configuration list for PBXProject "Sample" */ = {
			isa = XCConfigurationList;
			buildConfigurations = (
				1A66BB650AD6A6DB0035CA47 /* Development */,
				1A66BB660AD6A6DB0035CA47 /* Deployment */,
				1A66BB670AD6A6DB0035CA47 /* Default */,
			);
			defaultConfigurationIsVisible = 0;
			defaultConfigurationName = Default;
		};
/* End XCConfigurationList section */
	};
	rootObject = 20286C28FDCF999611CA2CEA /* Project object */;
}
